
Microsoft Visual Studio Solution File, Format Version 12.00
# Visual Studio Version 17
VisualStudioVersion = 17.13.36105.23
MinimumVisualStudioVersion = 10.0.40219.1
Project("{FAE04EC0-301F-11D3-BF4B-00C04F79EFBC}") = "DocumentLoader.API", "DocumentLoader.API\DocumentLoader.API.csproj", "{93B04232-80B4-4BD7-87B5-784C7C819C8C}"
EndProject
Project("{FAE04EC0-301F-11D3-BF4B-00C04F79EFBC}") = "DocumentLoader.WebUI", "DocumentLoader.WebUI\DocumentLoader.WebUI.csproj", "{4F89EC9F-28D6-45A2-98EA-6482F1F12D92}"
EndProject
Project("{FAE04EC0-301F-11D3-BF4B-00C04F79EFBC}") = "DocumentLoader.DAL", "DocumentLoader.DAL\DocumentLoader.DAL.csproj", "{03D7651C-025D-49AD-9BA9-6A0C3F426630}"
EndProject
Project("{E53339B2-1760-4266-BCC7-CA923CBCF16C}") = "docker-compose", "docker-compose.dcproj", "{81DDED9D-158B-E303-5F62-77A2896D2A5A}"
EndProject
Project("{FAE04EC0-301F-11D3-BF4B-00C04F79EFBC}") = "DocumentLoader.Models", "DocumentLoader.Models\DocumentLoader.Models.csproj", "{BC67A9F9-34B2-5252-EC73-7BAE5276AD27}"
EndProject
Project("{FAE04EC0-301F-11D3-BF4B-00C04F79EFBC}") = "DocumentLoader.UnitTests", "DocumentLoader.UnitTests\DocumentLoader.UnitTests.csproj", "{2ED66862-DF4B-4C91-B087-134A9DB399A3}"
EndProject
Project("{FAE04EC0-301F-11D3-BF4B-00C04F79EFBC}") = "RabbitMq", "..\RabbitMq\RabbitMq.csproj", "{7E07D618-0BF8-4F57-9F4B-89B750248890}"
EndProject
Global
	GlobalSection(SolutionConfigurationPlatforms) = preSolution
		Debug|Any CPU = Debug|Any CPU
		Release|Any CPU = Release|Any CPU
	EndGlobalSection
	GlobalSection(ProjectConfigurationPlatforms) = postSolution
		{93B04232-80B4-4BD7-87B5-784C7C819C8C}.Debug|Any CPU.ActiveCfg = Debug|Any CPU
		{93B04232-80B4-4BD7-87B5-784C7C819C8C}.Debug|Any CPU.Build.0 = Debug|Any CPU
		{93B04232-80B4-4BD7-87B5-784C7C819C8C}.Release|Any CPU.ActiveCfg = Release|Any CPU
		{93B04232-80B4-4BD7-87B5-784C7C819C8C}.Release|Any CPU.Build.0 = Release|Any CPU
		{4F89EC9F-28D6-45A2-98EA-6482F1F12D92}.Debug|Any CPU.ActiveCfg = Debug|Any CPU
		{4F89EC9F-28D6-45A2-98EA-6482F1F12D92}.Debug|Any CPU.Build.0 = Debug|Any CPU
		{4F89EC9F-28D6-45A2-98EA-6482F1F12D92}.Release|Any CPU.ActiveCfg = Release|Any CPU
		{4F89EC9F-28D6-45A2-98EA-6482F1F12D92}.Release|Any CPU.Build.0 = Release|Any CPU
		{03D7651C-025D-49AD-9BA9-6A0C3F426630}.Debug|Any CPU.ActiveCfg = Debug|Any CPU
		{03D7651C-025D-49AD-9BA9-6A0C3F426630}.Debug|Any CPU.Build.0 = Debug|Any CPU
		{03D7651C-025D-49AD-9BA9-6A0C3F426630}.Release|Any CPU.ActiveCfg = Release|Any CPU
		{03D7651C-025D-49AD-9BA9-6A0C3F426630}.Release|Any CPU.Build.0 = Release|Any CPU
		{81DDED9D-158B-E303-5F62-77A2896D2A5A}.Debug|Any CPU.ActiveCfg = Debug|Any CPU
		{81DDED9D-158B-E303-5F62-77A2896D2A5A}.Debug|Any CPU.Build.0 = Debug|Any CPU
		{81DDED9D-158B-E303-5F62-77A2896D2A5A}.Release|Any CPU.ActiveCfg = Release|Any CPU
		{81DDED9D-158B-E303-5F62-77A2896D2A5A}.Release|Any CPU.Build.0 = Release|Any CPU
		{BC67A9F9-34B2-5252-EC73-7BAE5276AD27}.Debug|Any CPU.ActiveCfg = Debug|Any CPU
		{BC67A9F9-34B2-5252-EC73-7BAE5276AD27}.Debug|Any CPU.Build.0 = Debug|Any CPU
		{BC67A9F9-34B2-5252-EC73-7BAE5276AD27}.Release|Any CPU.ActiveCfg = Release|Any CPU
		{BC67A9F9-34B2-5252-EC73-7BAE5276AD27}.Release|Any CPU.Build.0 = Release|Any CPU
		{2ED66862-DF4B-4C91-B087-134A9DB399A3}.Debug|Any CPU.ActiveCfg = Debug|Any CPU
		{2ED66862-DF4B-4C91-B087-134A9DB399A3}.Debug|Any CPU.Build.0 = Debug|Any CPU
		{2ED66862-DF4B-4C91-B087-134A9DB399A3}.Release|Any CPU.ActiveCfg = Release|Any CPU
		{2ED66862-DF4B-4C91-B087-134A9DB399A3}.Release|Any CPU.Build.0 = Release|Any CPU
		{7E07D618-0BF8-4F57-9F4B-89B750248890}.Debug|Any CPU.ActiveCfg = Debug|Any CPU
		{7E07D618-0BF8-4F57-9F4B-89B750248890}.Debug|Any CPU.Build.0 = Debug|Any CPU
		{7E07D618-0BF8-4F57-9F4B-89B750248890}.Release|Any CPU.ActiveCfg = Release|Any CPU
		{7E07D618-0BF8-4F57-9F4B-89B750248890}.Release|Any CPU.Build.0 = Release|Any CPU
	EndGlobalSection
	GlobalSection(SolutionProperties) = preSolution
		HideSolutionNode = FALSE
	EndGlobalSection
	GlobalSection(ExtensibilityGlobals) = postSolution
		SolutionGuid = {95F3AE4F-A6CE-4739-BA23-8CD01CC1804A}
	EndGlobalSection
EndGlobal
