
Microsoft Visual Studio Solution File, Format Version 12.00
# Visual Studio Version 17
VisualStudioVersion = 17.13.36105.23 d17.13
MinimumVisualStudioVersion = 10.0.40219.1
Project("{FAE04EC0-301F-11D3-BF4B-00C04F79EFBC}") = "Swen3-DMS", "Swen3-DMS\Swen3-DMS.csproj", "{3381881A-4CB6-4715-8F74-A74DF28A26E1}"
EndProject
Global
	GlobalSection(SolutionConfigurationPlatforms) = preSolution
		Debug|Any CPU = Debug|Any CPU
		Release|Any CPU = Release|Any CPU
	EndGlobalSection
	GlobalSection(ProjectConfigurationPlatforms) = postSolution
		{3381881A-4CB6-4715-8F74-A74DF28A26E1}.Debug|Any CPU.ActiveCfg = Debug|Any CPU
		{3381881A-4CB6-4715-8F74-A74DF28A26E1}.Debug|Any CPU.Build.0 = Debug|Any CPU
		{3381881A-4CB6-4715-8F74-A74DF28A26E1}.Release|Any CPU.ActiveCfg = Release|Any CPU
		{3381881A-4CB6-4715-8F74-A74DF28A26E1}.Release|Any CPU.Build.0 = Release|Any CPU
	EndGlobalSection
	GlobalSection(SolutionProperties) = preSolution
		HideSolutionNode = FALSE
	EndGlobalSection
	GlobalSection(ExtensibilityGlobals) = postSolution
		SolutionGuid = {95F3AE4F-A6CE-4739-BA23-8CD01CC1804A}
	EndGlobalSection
EndGlobal
